
Microsoft Visual Studio Solution File, Format Version 12.00
# Visual Studio Version 17
VisualStudioVersion = 17.5.33424.131
MinimumVisualStudioVersion = 10.0.40219.1
Project("{FAE04EC0-301F-11D3-BF4B-00C04F79EFBC}") = "Project.ENTITIES", "Project.ENTITIES\Project.ENTITIES.csproj", "{A6709D59-E280-4DBD-850F-C0EC76576CDF}"
EndProject
Global
	GlobalSection(SolutionConfigurationPlatforms) = preSolution
		Debug|Any CPU = Debug|Any CPU
		Release|Any CPU = Release|Any CPU
	EndGlobalSection
	GlobalSection(ProjectConfigurationPlatforms) = postSolution
		{A6709D59-E280-4DBD-850F-C0EC76576CDF}.Debug|Any CPU.ActiveCfg = Debug|Any CPU
		{A6709D59-E280-4DBD-850F-C0EC76576CDF}.Debug|Any CPU.Build.0 = Debug|Any CPU
		{A6709D59-E280-4DBD-850F-C0EC76576CDF}.Release|Any CPU.ActiveCfg = Release|Any CPU
		{A6709D59-E280-4DBD-850F-C0EC76576CDF}.Release|Any CPU.Build.0 = Release|Any CPU
	EndGlobalSection
	GlobalSection(SolutionProperties) = preSolution
		HideSolutionNode = FALSE
	EndGlobalSection
	GlobalSection(ExtensibilityGlobals) = postSolution
		SolutionGuid = {E95CA997-EEF2-4A35-8CCB-93958C9985DB}
	EndGlobalSection
EndGlobal
